
Microsoft Visual Studio Solution File, Format Version 12.00
# Visual Studio Version 17
VisualStudioVersion = 17.2.32526.322
MinimumVisualStudioVersion = 10.0.40219.1
Project("{FAE04EC0-301F-11D3-BF4B-00C04F79EFBC}") = "Hashtable", "Hashtable\Hashtable.csproj", "{1AFE86A5-4078-481D-938C-CB78D773DB0B}"
EndProject
Global
	GlobalSection(SolutionConfigurationPlatforms) = preSolution
		Debug|Any CPU = Debug|Any CPU
		Release|Any CPU = Release|Any CPU
	EndGlobalSection
	GlobalSection(ProjectConfigurationPlatforms) = postSolution
		{1AFE86A5-4078-481D-938C-CB78D773DB0B}.Debug|Any CPU.ActiveCfg = Debug|Any CPU
		{1AFE86A5-4078-481D-938C-CB78D773DB0B}.Debug|Any CPU.Build.0 = Debug|Any CPU
		{1AFE86A5-4078-481D-938C-CB78D773DB0B}.Release|Any CPU.ActiveCfg = Release|Any CPU
		{1AFE86A5-4078-481D-938C-CB78D773DB0B}.Release|Any CPU.Build.0 = Release|Any CPU
	EndGlobalSection
	GlobalSection(SolutionProperties) = preSolution
		HideSolutionNode = FALSE
	EndGlobalSection
	GlobalSection(ExtensibilityGlobals) = postSolution
		SolutionGuid = {16A1D281-6E09-4508-AA18-DF0584E7DE7B}
	EndGlobalSection
EndGlobal
