
Microsoft Visual Studio Solution File, Format Version 12.00
# Visual Studio Version 17
VisualStudioVersion = 17.2.32526.322
MinimumVisualStudioVersion = 10.0.40219.1
Project("{FAE04EC0-301F-11D3-BF4B-00C04F79EFBC}") = "While_dongusu", "While_dongusu\While_dongusu.csproj", "{4EE5A470-3071-4D8D-AF99-DB5ACAAF8F14}"
EndProject
Global
	GlobalSection(SolutionConfigurationPlatforms) = preSolution
		Debug|Any CPU = Debug|Any CPU
		Release|Any CPU = Release|Any CPU
	EndGlobalSection
	GlobalSection(ProjectConfigurationPlatforms) = postSolution
		{4EE5A470-3071-4D8D-AF99-DB5ACAAF8F14}.Debug|Any CPU.ActiveCfg = Debug|Any CPU
		{4EE5A470-3071-4D8D-AF99-DB5ACAAF8F14}.Debug|Any CPU.Build.0 = Debug|Any CPU
		{4EE5A470-3071-4D8D-AF99-DB5ACAAF8F14}.Release|Any CPU.ActiveCfg = Release|Any CPU
		{4EE5A470-3071-4D8D-AF99-DB5ACAAF8F14}.Release|Any CPU.Build.0 = Release|Any CPU
	EndGlobalSection
	GlobalSection(SolutionProperties) = preSolution
		HideSolutionNode = FALSE
	EndGlobalSection
	GlobalSection(ExtensibilityGlobals) = postSolution
		SolutionGuid = {B1B0383D-621C-4FF2-90A6-141D5378E7D3}
	EndGlobalSection
EndGlobal
