
Microsoft Visual Studio Solution File, Format Version 12.00
# Visual Studio Version 17
VisualStudioVersion = 17.2.32526.322
MinimumVisualStudioVersion = 10.0.40219.1
Project("{FAE04EC0-301F-11D3-BF4B-00C04F79EFBC}") = "Inheritance", "Inheritance\Inheritance.csproj", "{AF268543-6BD5-4073-B091-07A1E81218F7}"
EndProject
Global
	GlobalSection(SolutionConfigurationPlatforms) = preSolution
		Debug|Any CPU = Debug|Any CPU
		Release|Any CPU = Release|Any CPU
	EndGlobalSection
	GlobalSection(ProjectConfigurationPlatforms) = postSolution
		{AF268543-6BD5-4073-B091-07A1E81218F7}.Debug|Any CPU.ActiveCfg = Debug|Any CPU
		{AF268543-6BD5-4073-B091-07A1E81218F7}.Debug|Any CPU.Build.0 = Debug|Any CPU
		{AF268543-6BD5-4073-B091-07A1E81218F7}.Release|Any CPU.ActiveCfg = Release|Any CPU
		{AF268543-6BD5-4073-B091-07A1E81218F7}.Release|Any CPU.Build.0 = Release|Any CPU
	EndGlobalSection
	GlobalSection(SolutionProperties) = preSolution
		HideSolutionNode = FALSE
	EndGlobalSection
	GlobalSection(ExtensibilityGlobals) = postSolution
		SolutionGuid = {057799FC-770B-4694-B66B-BF8BC02E183A}
	EndGlobalSection
EndGlobal
