
Microsoft Visual Studio Solution File, Format Version 12.00
# Visual Studio Version 17
VisualStudioVersion = 17.2.32526.322
MinimumVisualStudioVersion = 10.0.40219.1
Project("{FAE04EC0-301F-11D3-BF4B-00C04F79EFBC}") = "Enum", "Enum\Enum.csproj", "{AFE7C786-3609-49DE-9A63-CA2F05E2AB9B}"
EndProject
Global
	GlobalSection(SolutionConfigurationPlatforms) = preSolution
		Debug|Any CPU = Debug|Any CPU
		Release|Any CPU = Release|Any CPU
	EndGlobalSection
	GlobalSection(ProjectConfigurationPlatforms) = postSolution
		{AFE7C786-3609-49DE-9A63-CA2F05E2AB9B}.Debug|Any CPU.ActiveCfg = Debug|Any CPU
		{AFE7C786-3609-49DE-9A63-CA2F05E2AB9B}.Debug|Any CPU.Build.0 = Debug|Any CPU
		{AFE7C786-3609-49DE-9A63-CA2F05E2AB9B}.Release|Any CPU.ActiveCfg = Release|Any CPU
		{AFE7C786-3609-49DE-9A63-CA2F05E2AB9B}.Release|Any CPU.Build.0 = Release|Any CPU
	EndGlobalSection
	GlobalSection(SolutionProperties) = preSolution
		HideSolutionNode = FALSE
	EndGlobalSection
	GlobalSection(ExtensibilityGlobals) = postSolution
		SolutionGuid = {D31B7BC9-91CF-4516-8488-78FF6D181F46}
	EndGlobalSection
EndGlobal
