
Microsoft Visual Studio Solution File, Format Version 12.00
# Visual Studio Version 17
VisualStudioVersion = 17.2.32526.322
MinimumVisualStudioVersion = 10.0.40219.1
Project("{FAE04EC0-301F-11D3-BF4B-00C04F79EFBC}") = "File_", "File_\File_.csproj", "{84F23D9C-2ABD-4E61-82EA-A9901A95CCF8}"
EndProject
Global
	GlobalSection(SolutionConfigurationPlatforms) = preSolution
		Debug|Any CPU = Debug|Any CPU
		Release|Any CPU = Release|Any CPU
	EndGlobalSection
	GlobalSection(ProjectConfigurationPlatforms) = postSolution
		{84F23D9C-2ABD-4E61-82EA-A9901A95CCF8}.Debug|Any CPU.ActiveCfg = Debug|Any CPU
		{84F23D9C-2ABD-4E61-82EA-A9901A95CCF8}.Debug|Any CPU.Build.0 = Debug|Any CPU
		{84F23D9C-2ABD-4E61-82EA-A9901A95CCF8}.Release|Any CPU.ActiveCfg = Release|Any CPU
		{84F23D9C-2ABD-4E61-82EA-A9901A95CCF8}.Release|Any CPU.Build.0 = Release|Any CPU
	EndGlobalSection
	GlobalSection(SolutionProperties) = preSolution
		HideSolutionNode = FALSE
	EndGlobalSection
	GlobalSection(ExtensibilityGlobals) = postSolution
		SolutionGuid = {356349A0-9AD2-487A-8711-297A22B21652}
	EndGlobalSection
EndGlobal
