
Microsoft Visual Studio Solution File, Format Version 12.00
# Visual Studio 15
VisualStudioVersion = 15.0.28307.1259
MinimumVisualStudioVersion = 10.0.40219.1
Project("{FAE04EC0-301F-11D3-BF4B-00C04F79EFBC}") = "20220817_1_Property", "20220817_1_Property\20220817_1_Property.csproj", "{28A9556A-2C2F-4471-BDEE-D16F5170B7B4}"
EndProject
Global
	GlobalSection(SolutionConfigurationPlatforms) = preSolution
		Debug|Any CPU = Debug|Any CPU
		Release|Any CPU = Release|Any CPU
	EndGlobalSection
	GlobalSection(ProjectConfigurationPlatforms) = postSolution
		{28A9556A-2C2F-4471-BDEE-D16F5170B7B4}.Debug|Any CPU.ActiveCfg = Debug|Any CPU
		{28A9556A-2C2F-4471-BDEE-D16F5170B7B4}.Debug|Any CPU.Build.0 = Debug|Any CPU
		{28A9556A-2C2F-4471-BDEE-D16F5170B7B4}.Release|Any CPU.ActiveCfg = Release|Any CPU
		{28A9556A-2C2F-4471-BDEE-D16F5170B7B4}.Release|Any CPU.Build.0 = Release|Any CPU
	EndGlobalSection
	GlobalSection(SolutionProperties) = preSolution
		HideSolutionNode = FALSE
	EndGlobalSection
	GlobalSection(ExtensibilityGlobals) = postSolution
		SolutionGuid = {F03CE6E1-0142-486A-AB1D-8BB0DE571C35}
	EndGlobalSection
EndGlobal
